
Microsoft Visual Studio Solution File, Format Version 11.00
# Visual Studio 2010
Project("{FAE04EC0-301F-11D3-BF4B-00C04F79EFBC}") = "EditorDeTextos", "EditorDeTextos\EditorDeTextos.csproj", "{7A701C9E-9553-48A1-9BBF-173A5934D42F}"
EndProject
Project("{FAE04EC0-301F-11D3-BF4B-00C04F79EFBC}") = "ControladorEditorTextos", "ControladorEditorTextos\ControladorEditorTextos.csproj", "{B76FD94E-A911-4CDA-99CD-93736A1C63F9}"
EndProject
Project("{FAE04EC0-301F-11D3-BF4B-00C04F79EFBC}") = "ModeloDominio", "ModeloDominio\ModeloDominio.csproj", "{E925EFB4-E0BB-4B80-A6F4-B3941E6126E0}"
EndProject
Global
	GlobalSection(SolutionConfigurationPlatforms) = preSolution
		Debug|Any CPU = Debug|Any CPU
		Debug|Mixed Platforms = Debug|Mixed Platforms
		Debug|x86 = Debug|x86
		Release|Any CPU = Release|Any CPU
		Release|Mixed Platforms = Release|Mixed Platforms
		Release|x86 = Release|x86
	EndGlobalSection
	GlobalSection(ProjectConfigurationPlatforms) = postSolution
		{7A701C9E-9553-48A1-9BBF-173A5934D42F}.Debug|Any CPU.ActiveCfg = Debug|x86
		{7A701C9E-9553-48A1-9BBF-173A5934D42F}.Debug|Mixed Platforms.ActiveCfg = Debug|x86
		{7A701C9E-9553-48A1-9BBF-173A5934D42F}.Debug|Mixed Platforms.Build.0 = Debug|x86
		{7A701C9E-9553-48A1-9BBF-173A5934D42F}.Debug|x86.ActiveCfg = Debug|x86
		{7A701C9E-9553-48A1-9BBF-173A5934D42F}.Debug|x86.Build.0 = Debug|x86
		{7A701C9E-9553-48A1-9BBF-173A5934D42F}.Release|Any CPU.ActiveCfg = Release|x86
		{7A701C9E-9553-48A1-9BBF-173A5934D42F}.Release|Mixed Platforms.ActiveCfg = Release|x86
		{7A701C9E-9553-48A1-9BBF-173A5934D42F}.Release|Mixed Platforms.Build.0 = Release|x86
		{7A701C9E-9553-48A1-9BBF-173A5934D42F}.Release|x86.ActiveCfg = Release|x86
		{7A701C9E-9553-48A1-9BBF-173A5934D42F}.Release|x86.Build.0 = Release|x86
		{B76FD94E-A911-4CDA-99CD-93736A1C63F9}.Debug|Any CPU.ActiveCfg = Debug|Any CPU
		{B76FD94E-A911-4CDA-99CD-93736A1C63F9}.Debug|Any CPU.Build.0 = Debug|Any CPU
		{B76FD94E-A911-4CDA-99CD-93736A1C63F9}.Debug|Mixed Platforms.ActiveCfg = Debug|Any CPU
		{B76FD94E-A911-4CDA-99CD-93736A1C63F9}.Debug|Mixed Platforms.Build.0 = Debug|Any CPU
		{B76FD94E-A911-4CDA-99CD-93736A1C63F9}.Debug|x86.ActiveCfg = Debug|Any CPU
		{B76FD94E-A911-4CDA-99CD-93736A1C63F9}.Release|Any CPU.ActiveCfg = Release|Any CPU
		{B76FD94E-A911-4CDA-99CD-93736A1C63F9}.Release|Any CPU.Build.0 = Release|Any CPU
		{B76FD94E-A911-4CDA-99CD-93736A1C63F9}.Release|Mixed Platforms.ActiveCfg = Release|Any CPU
		{B76FD94E-A911-4CDA-99CD-93736A1C63F9}.Release|Mixed Platforms.Build.0 = Release|Any CPU
		{B76FD94E-A911-4CDA-99CD-93736A1C63F9}.Release|x86.ActiveCfg = Release|Any CPU
		{E925EFB4-E0BB-4B80-A6F4-B3941E6126E0}.Debug|Any CPU.ActiveCfg = Debug|Any CPU
		{E925EFB4-E0BB-4B80-A6F4-B3941E6126E0}.Debug|Any CPU.Build.0 = Debug|Any CPU
		{E925EFB4-E0BB-4B80-A6F4-B3941E6126E0}.Debug|Mixed Platforms.ActiveCfg = Debug|Any CPU
		{E925EFB4-E0BB-4B80-A6F4-B3941E6126E0}.Debug|Mixed Platforms.Build.0 = Debug|Any CPU
		{E925EFB4-E0BB-4B80-A6F4-B3941E6126E0}.Debug|x86.ActiveCfg = Debug|Any CPU
		{E925EFB4-E0BB-4B80-A6F4-B3941E6126E0}.Release|Any CPU.ActiveCfg = Release|Any CPU
		{E925EFB4-E0BB-4B80-A6F4-B3941E6126E0}.Release|Any CPU.Build.0 = Release|Any CPU
		{E925EFB4-E0BB-4B80-A6F4-B3941E6126E0}.Release|Mixed Platforms.ActiveCfg = Release|Any CPU
		{E925EFB4-E0BB-4B80-A6F4-B3941E6126E0}.Release|Mixed Platforms.Build.0 = Release|Any CPU
		{E925EFB4-E0BB-4B80-A6F4-B3941E6126E0}.Release|x86.ActiveCfg = Release|Any CPU
	EndGlobalSection
	GlobalSection(SolutionProperties) = preSolution
		HideSolutionNode = FALSE
	EndGlobalSection
EndGlobal
